
Microsoft Visual Studio Solution File, Format Version 12.00
# Visual Studio Version 17
VisualStudioVersion = 17.7.34024.191
MinimumVisualStudioVersion = 10.0.40219.1
Project("{9A19103F-16F7-4668-BE54-9A1E7A4F7556}") = "PI.API", "PI.API\PI.API.csproj", "{9B90DAB1-8900-43FB-87F2-A565A413308A}"
EndProject
Project("{9A19103F-16F7-4668-BE54-9A1E7A4F7556}") = "PI.Domain", "PI.Domain\PI.Domain.csproj", "{46205BF0-1FD4-4ACE-A91B-CDD94DAFA624}"
EndProject
Project("{9A19103F-16F7-4668-BE54-9A1E7A4F7556}") = "PI.Core", "PI.Core\PI.Core.csproj", "{EAC5B6AC-72BB-467A-9BB1-761BEEF97A5E}"
EndProject
Global
	GlobalSection(SolutionConfigurationPlatforms) = preSolution
		Debug|Any CPU = Debug|Any CPU
		Release|Any CPU = Release|Any CPU
	EndGlobalSection
	GlobalSection(ProjectConfigurationPlatforms) = postSolution
		{9B90DAB1-8900-43FB-87F2-A565A413308A}.Debug|Any CPU.ActiveCfg = Debug|Any CPU
		{9B90DAB1-8900-43FB-87F2-A565A413308A}.Debug|Any CPU.Build.0 = Debug|Any CPU
		{9B90DAB1-8900-43FB-87F2-A565A413308A}.Release|Any CPU.ActiveCfg = Release|Any CPU
		{9B90DAB1-8900-43FB-87F2-A565A413308A}.Release|Any CPU.Build.0 = Release|Any CPU
		{46205BF0-1FD4-4ACE-A91B-CDD94DAFA624}.Debug|Any CPU.ActiveCfg = Debug|Any CPU
		{46205BF0-1FD4-4ACE-A91B-CDD94DAFA624}.Debug|Any CPU.Build.0 = Debug|Any CPU
		{46205BF0-1FD4-4ACE-A91B-CDD94DAFA624}.Release|Any CPU.ActiveCfg = Release|Any CPU
		{46205BF0-1FD4-4ACE-A91B-CDD94DAFA624}.Release|Any CPU.Build.0 = Release|Any CPU
		{EAC5B6AC-72BB-467A-9BB1-761BEEF97A5E}.Debug|Any CPU.ActiveCfg = Debug|Any CPU
		{EAC5B6AC-72BB-467A-9BB1-761BEEF97A5E}.Debug|Any CPU.Build.0 = Debug|Any CPU
		{EAC5B6AC-72BB-467A-9BB1-761BEEF97A5E}.Release|Any CPU.ActiveCfg = Release|Any CPU
		{EAC5B6AC-72BB-467A-9BB1-761BEEF97A5E}.Release|Any CPU.Build.0 = Release|Any CPU
	EndGlobalSection
	GlobalSection(SolutionProperties) = preSolution
		HideSolutionNode = FALSE
	EndGlobalSection
	GlobalSection(ExtensibilityGlobals) = postSolution
		SolutionGuid = {54618794-F1C2-4AE4-A206-06F90A4F3044}
	EndGlobalSection
EndGlobal
